
Microsoft Visual Studio Solution File, Format Version 12.00
# Visual Studio Version 16
VisualStudioVersion = 16.0.30225.117
MinimumVisualStudioVersion = 10.0.40219.1
Project("{FAE04EC0-301F-11D3-BF4B-00C04F79EFBC}") = "DatabaseFirstDemo", "DatabaseFirstDemo\DatabaseFirstDemo.csproj", "{F4B94209-F90D-4AA6-AE82-9F00871A2983}"
EndProject
Project("{FAE04EC0-301F-11D3-BF4B-00C04F79EFBC}") = "CodeFirstDemo", "CodeFirstDemo\CodeFirstDemo.csproj", "{8319DD17-69A2-4B2E-A9B5-B94D33CCC46D}"
EndProject
Project("{FAE04EC0-301F-11D3-BF4B-00C04F79EFBC}") = "DatabaseFirstWorkflow", "DatabaseFirstWorkflow\DatabaseFirstWorkflow.csproj", "{97E405E1-1327-4690-9C32-67E2E041C7E6}"
EndProject
Project("{FAE04EC0-301F-11D3-BF4B-00C04F79EFBC}") = "DatabaseFirstWorkflowExam", "DatabaseFirstWorkflowExam\DatabaseFirstWorkflowExam.csproj", "{E5594D6C-08BD-454D-BD6F-D2A5796A47B5}"
EndProject
Project("{FAE04EC0-301F-11D3-BF4B-00C04F79EFBC}") = "CodeFirstWorkflow", "CodeFirstWorkflow\CodeFirstWorkflow.csproj", "{61466D91-49AF-402A-8DDA-A7F5447C62C2}"
EndProject
Global
	GlobalSection(SolutionConfigurationPlatforms) = preSolution
		Debug|Any CPU = Debug|Any CPU
		Release|Any CPU = Release|Any CPU
	EndGlobalSection
	GlobalSection(ProjectConfigurationPlatforms) = postSolution
		{F4B94209-F90D-4AA6-AE82-9F00871A2983}.Debug|Any CPU.ActiveCfg = Debug|Any CPU
		{F4B94209-F90D-4AA6-AE82-9F00871A2983}.Debug|Any CPU.Build.0 = Debug|Any CPU
		{F4B94209-F90D-4AA6-AE82-9F00871A2983}.Release|Any CPU.ActiveCfg = Release|Any CPU
		{F4B94209-F90D-4AA6-AE82-9F00871A2983}.Release|Any CPU.Build.0 = Release|Any CPU
		{8319DD17-69A2-4B2E-A9B5-B94D33CCC46D}.Debug|Any CPU.ActiveCfg = Debug|Any CPU
		{8319DD17-69A2-4B2E-A9B5-B94D33CCC46D}.Debug|Any CPU.Build.0 = Debug|Any CPU
		{8319DD17-69A2-4B2E-A9B5-B94D33CCC46D}.Release|Any CPU.ActiveCfg = Release|Any CPU
		{8319DD17-69A2-4B2E-A9B5-B94D33CCC46D}.Release|Any CPU.Build.0 = Release|Any CPU
		{97E405E1-1327-4690-9C32-67E2E041C7E6}.Debug|Any CPU.ActiveCfg = Debug|Any CPU
		{97E405E1-1327-4690-9C32-67E2E041C7E6}.Debug|Any CPU.Build.0 = Debug|Any CPU
		{97E405E1-1327-4690-9C32-67E2E041C7E6}.Release|Any CPU.ActiveCfg = Release|Any CPU
		{97E405E1-1327-4690-9C32-67E2E041C7E6}.Release|Any CPU.Build.0 = Release|Any CPU
		{E5594D6C-08BD-454D-BD6F-D2A5796A47B5}.Debug|Any CPU.ActiveCfg = Debug|Any CPU
		{E5594D6C-08BD-454D-BD6F-D2A5796A47B5}.Debug|Any CPU.Build.0 = Debug|Any CPU
		{E5594D6C-08BD-454D-BD6F-D2A5796A47B5}.Release|Any CPU.ActiveCfg = Release|Any CPU
		{E5594D6C-08BD-454D-BD6F-D2A5796A47B5}.Release|Any CPU.Build.0 = Release|Any CPU
		{61466D91-49AF-402A-8DDA-A7F5447C62C2}.Debug|Any CPU.ActiveCfg = Debug|Any CPU
		{61466D91-49AF-402A-8DDA-A7F5447C62C2}.Debug|Any CPU.Build.0 = Debug|Any CPU
		{61466D91-49AF-402A-8DDA-A7F5447C62C2}.Release|Any CPU.ActiveCfg = Release|Any CPU
		{61466D91-49AF-402A-8DDA-A7F5447C62C2}.Release|Any CPU.Build.0 = Release|Any CPU
	EndGlobalSection
	GlobalSection(SolutionProperties) = preSolution
		HideSolutionNode = FALSE
	EndGlobalSection
	GlobalSection(ExtensibilityGlobals) = postSolution
		SolutionGuid = {E186A74F-FC5C-4D7E-8F15-F25D021FA3A3}
	EndGlobalSection
EndGlobal
